
Microsoft Visual Studio Solution File, Format Version 12.00
# Visual Studio Version 17
VisualStudioVersion = 17.10.35027.167
MinimumVisualStudioVersion = 10.0.40219.1
Project("{FAE04EC0-301F-11D3-BF4B-00C04F79EFBC}") = "Product1", "Product1\Product1.csproj", "{C8C5AC80-F50D-4881-B4E2-A8722C96E909}"
EndProject
Global
	GlobalSection(SolutionConfigurationPlatforms) = preSolution
		Debug|Any CPU = Debug|Any CPU
		Release|Any CPU = Release|Any CPU
	EndGlobalSection
	GlobalSection(ProjectConfigurationPlatforms) = postSolution
		{C8C5AC80-F50D-4881-B4E2-A8722C96E909}.Debug|Any CPU.ActiveCfg = Debug|Any CPU
		{C8C5AC80-F50D-4881-B4E2-A8722C96E909}.Debug|Any CPU.Build.0 = Debug|Any CPU
		{C8C5AC80-F50D-4881-B4E2-A8722C96E909}.Release|Any CPU.ActiveCfg = Release|Any CPU
		{C8C5AC80-F50D-4881-B4E2-A8722C96E909}.Release|Any CPU.Build.0 = Release|Any CPU
	EndGlobalSection
	GlobalSection(SolutionProperties) = preSolution
		HideSolutionNode = FALSE
	EndGlobalSection
	GlobalSection(ExtensibilityGlobals) = postSolution
		SolutionGuid = {9CECD68F-7ED3-4E29-B683-A981A1D81F0D}
	EndGlobalSection
EndGlobal
