
Microsoft Visual Studio Solution File, Format Version 12.00
# Visual Studio Version 17
VisualStudioVersion = 17.10.35027.167
MinimumVisualStudioVersion = 10.0.40219.1
Project("{FAE04EC0-301F-11D3-BF4B-00C04F79EFBC}") = "XayDung_MH_MVC", "XayDung_MH_MVC\XayDung_MH_MVC.csproj", "{3E98AC13-B2C7-4E26-9DA7-362F9A198D29}"
EndProject
Global
	GlobalSection(SolutionConfigurationPlatforms) = preSolution
		Debug|Any CPU = Debug|Any CPU
		Release|Any CPU = Release|Any CPU
	EndGlobalSection
	GlobalSection(ProjectConfigurationPlatforms) = postSolution
		{3E98AC13-B2C7-4E26-9DA7-362F9A198D29}.Debug|Any CPU.ActiveCfg = Debug|Any CPU
		{3E98AC13-B2C7-4E26-9DA7-362F9A198D29}.Debug|Any CPU.Build.0 = Debug|Any CPU
		{3E98AC13-B2C7-4E26-9DA7-362F9A198D29}.Release|Any CPU.ActiveCfg = Release|Any CPU
		{3E98AC13-B2C7-4E26-9DA7-362F9A198D29}.Release|Any CPU.Build.0 = Release|Any CPU
	EndGlobalSection
	GlobalSection(SolutionProperties) = preSolution
		HideSolutionNode = FALSE
	EndGlobalSection
	GlobalSection(ExtensibilityGlobals) = postSolution
		SolutionGuid = {A01E1EE8-2543-429E-BD97-203220AFD50E}
	EndGlobalSection
EndGlobal
